
Microsoft Visual Studio Solution File, Format Version 12.00
# Visual Studio Version 16
VisualStudioVersion = 16.0.31019.35
MinimumVisualStudioVersion = 10.0.40219.1
Project("{8BC9CEB8-8B4A-11D0-8D11-00A0C91BC942}") = "Lab2", "Lab2.vcxproj", "{020D5DD2-F7EB-450F-9179-8F4B585DBB6A}"
EndProject
Global
	GlobalSection(SolutionConfigurationPlatforms) = preSolution
		Debug|x64 = Debug|x64
		Debug|x86 = Debug|x86
		Release|x64 = Release|x64
		Release|x86 = Release|x86
	EndGlobalSection
	GlobalSection(ProjectConfigurationPlatforms) = postSolution
		{020D5DD2-F7EB-450F-9179-8F4B585DBB6A}.Debug|x64.ActiveCfg = Debug|x64
		{020D5DD2-F7EB-450F-9179-8F4B585DBB6A}.Debug|x64.Build.0 = Debug|x64
		{020D5DD2-F7EB-450F-9179-8F4B585DBB6A}.Debug|x86.ActiveCfg = Debug|Win32
		{020D5DD2-F7EB-450F-9179-8F4B585DBB6A}.Debug|x86.Build.0 = Debug|Win32
		{020D5DD2-F7EB-450F-9179-8F4B585DBB6A}.Release|x64.ActiveCfg = Release|x64
		{020D5DD2-F7EB-450F-9179-8F4B585DBB6A}.Release|x64.Build.0 = Release|x64
		{020D5DD2-F7EB-450F-9179-8F4B585DBB6A}.Release|x86.ActiveCfg = Release|Win32
		{020D5DD2-F7EB-450F-9179-8F4B585DBB6A}.Release|x86.Build.0 = Release|Win32
	EndGlobalSection
	GlobalSection(SolutionProperties) = preSolution
		HideSolutionNode = FALSE
	EndGlobalSection
	GlobalSection(ExtensibilityGlobals) = postSolution
		SolutionGuid = {BC99D2EB-82EC-41EE-87FC-1F8E80225025}
	EndGlobalSection
EndGlobal
